<?xml version="1.0" encoding="utf-8"?>
<Project ToolsVersion="4.0" xmlns="http://schemas.microsoft.com/developer/msbuild/2003">
  <ItemGroup>
    <Filter Include="Source Files">
      <UniqueIdentifier>{4FC737F1-C7A5-4376-A066-2A32D752A2FF}</UniqueIdentifier>
      <Extensions>cpp;c;cc;cxx;c++;cppm;ixx;def;odl;idl;hpj;bat;asm;asmx</Extensions>
    </Filter>
    <Filter Include="Header Files">
      <UniqueIdentifier>{93995380-89BD-4b04-88EB-625FBE52EBFB}</UniqueIdentifier>
      <Extensions>h;hh;hpp;hxx;h++;hm;inl;inc;ipp;xsd</Extensions>
    </Filter>
    <Filter Include="Resource Files">
      <UniqueIdentifier>{67DA6AB6-F800-4c08-8B7A-83BB121AAD01}</UniqueIdentifier>
      <Extensions>rc;ico;cur;bmp;dlg;rc2;rct;bin;rgs;gif;jpg;jpeg;jpe;resx;tiff;tif;png;wav;mfcribbon-ms</Extensions>
    </Filter>
  </ItemGroup>
  <ItemGroup>
    <ClInclude Include="SdkHeaders.h">
      <Filter>Header Files</Filter>
    </ClInclude>
    <ClInclude Include="SdkInitializer.h">
      <Filter>Header Files</Filter>
    </ClInclude>
  </ItemGroup>
  <ItemGroup>
    <ClCompile Include="SDK_HEADERS\Engine_functions.cpp">
      <Filter>Source Files</Filter>
    </ClCompile>
    <ClCompile Include="SDK_HEADERS\GameFramework_functions.cpp">
      <Filter>Source Files</Filter>
    </ClCompile>
    <ClCompile Include="SDK_HEADERS\GFxUI_functions.cpp">
      <Filter>Source Files</Filter>
    </ClCompile>
    <ClCompile Include="SDK_HEADERS\IpDrv_functions.cpp">
      <Filter>Source Files</Filter>
    </ClCompile>
    <ClCompile Include="SDK_HEADERS\SFXGame_functions.cpp">
      <Filter>Source Files</Filter>
    </ClCompile>
    <ClCompile Include="SDK_HEADERS\SFXGameContent_functions.cpp">
      <Filter>Source Files</Filter>
    </ClCompile>
    <ClCompile Include="SDK_HEADERS\SFXGameContentLiveKismet_functions.cpp">
      <Filter>Source Files</Filter>
    </ClCompile>
    <ClCompile Include="SDK_HEADERS\SFXOnlineFoundation_functions.cpp">
      <Filter>Source Files</Filter>
    </ClCompile>
    <ClCompile Include="SDK_HEADERS\SFXQA_functions.cpp">
      <Filter>Source Files</Filter>
    </ClCompile>
    <ClCompile Include="SDK_HEADERS\WinDrv_functions.cpp">
      <Filter>Source Files</Filter>
    </ClCompile>
    <ClCompile Include="SDK_HEADERS\WwiseAudio_functions.cpp">
      <Filter>Source Files</Filter>
    </ClCompile>
    <ClCompile Include="SDK_HEADERS\Core_functions.cpp">
      <Filter>Source Files</Filter>
    </ClCompile>
  </ItemGroup>
</Project>